// !$*UTF8*$!
{
	archiveVersion = 1;
	classes = {
	};
	objectVersion = 77;
	objects = {

/* Begin PBXBuildFile section */
		5377E7EE2DD4344B0020FF0D /* ContentView.swift in Sources */ = {isa = PBXBuildFile; fileRef = 5377E7EB2DD4344B0020FF0D /* ContentView.swift */; };
		5377E7EF2DD4344B0020FF0D /* KibunMemoApp.swift in Sources */ = {isa = PBXBuildFile; fileRef = 5377E7EC2DD4344B0020FF0D /* KibunMemoApp.swift */; };
		5377E7F02DD4344B0020FF0D /* Assets.xcassets in Resources */ = {isa = PBXBuildFile; fileRef = 5377E7EA2DD4344B0020FF0D /* Assets.xcassets */; };
		5377E7F32DD4344F0020FF0D /* KibunMemoTests.swift in Sources */ = {isa = PBXBuildFile; fileRef = 5377E7F12DD4344F0020FF0D /* KibunMemoTests.swift */; };
		5377E8012DD436810020FF0D /* KibunMemoUITests.swift in Sources */ = {isa = PBXBuildFile; fileRef = 5377E7FE2DD436810020FF0D /* KibunMemoUITests.swift */; };
		5377E8022DD436810020FF0D /* KibunMemoUITestsLaunchTests.swift in Sources */ = {isa = PBXBuildFile; fileRef = 5377E7FF2DD436810020FF0D /* KibunMemoUITestsLaunchTests.swift */; };
/* End PBXBuildFile section */

/* Begin PBXContainerItemProxy section */
		5377E7CE2DD3282F0020FF0D /* PBXContainerItemProxy */ = {
			isa = PBXContainerItemProxy;
			containerPortal = 5377E7B82DD3282E0020FF0D /* Project object */;
			proxyType = 1;
			remoteGlobalIDString = 5377E7BF2DD3282E0020FF0D;
			remoteInfo = KibunMemo;
		};
		5377E7D82DD3282F0020FF0D /* PBXContainerItemProxy */ = {
			isa = PBXContainerItemProxy;
			containerPortal = 5377E7B82DD3282E0020FF0D /* Project object */;
			proxyType = 1;
			remoteGlobalIDString = 5377E7BF2DD3282E0020FF0D;
			remoteInfo = KibunMemo;
		};
/* End PBXContainerItemProxy section */

/* Begin PBXFileReference section */
		5377E7C02DD3282E0020FF0D /* KibunMemo.app */ = {isa = PBXFileReference; explicitFileType = wrapper.application; includeInIndex = 0; path = KibunMemo.app; sourceTree = BUILT_PRODUCTS_DIR; };
		5377E7CD2DD3282F0020FF0D /* KibunMemoTests.xctest */ = {isa = PBXFileReference; explicitFileType = wrapper.cfbundle; includeInIndex = 0; path = KibunMemoTests.xctest; sourceTree = BUILT_PRODUCTS_DIR; };
		5377E7D72DD3282F0020FF0D /* KibunMemoUITests.xctest */ = {isa = PBXFileReference; explicitFileType = wrapper.cfbundle; includeInIndex = 0; path = KibunMemoUITests.xctest; sourceTree = BUILT_PRODUCTS_DIR; };
		5377E7EA2DD4344B0020FF0D /* Assets.xcassets */ = {isa = PBXFileReference; lastKnownFileType = folder.assetcatalog; path = Assets.xcassets; sourceTree = "<group>"; };
		5377E7EB2DD4344B0020FF0D /* ContentView.swift */ = {isa = PBXFileReference; lastKnownFileType = sourcecode.swift; path = ContentView.swift; sourceTree = "<group>"; };
		5377E7EC2DD4344B0020FF0D /* KibunMemoApp.swift */ = {isa = PBXFileReference; lastKnownFileType = sourcecode.swift; path = KibunMemoApp.swift; sourceTree = "<group>"; };
		5377E7F12DD4344F0020FF0D /* KibunMemoTests.swift */ = {isa = PBXFileReference; lastKnownFileType = sourcecode.swift; path = KibunMemoTests.swift; sourceTree = "<group>"; };
		5377E7FE2DD436810020FF0D /* KibunMemoUITests.swift */ = {isa = PBXFileReference; lastKnownFileType = sourcecode.swift; path = KibunMemoUITests.swift; sourceTree = "<group>"; };
		5377E7FF2DD436810020FF0D /* KibunMemoUITestsLaunchTests.swift */ = {isa = PBXFileReference; lastKnownFileType = sourcecode.swift; path = KibunMemoUITestsLaunchTests.swift; sourceTree = "<group>"; };
/* End PBXFileReference section */

/* Begin PBXFrameworksBuildPhase section */
		5377E7BD2DD3282E0020FF0D /* Frameworks */ = {
			isa = PBXFrameworksBuildPhase;
			buildActionMask = 2147483647;
			files = (
			);
			runOnlyForDeploymentPostprocessing = 0;
		};
		5377E7CA2DD3282F0020FF0D /* Frameworks */ = {
			isa = PBXFrameworksBuildPhase;
			buildActionMask = 2147483647;
			files = (
			);
			runOnlyForDeploymentPostprocessing = 0;
		};
		5377E7D42DD3282F0020FF0D /* Frameworks */ = {
			isa = PBXFrameworksBuildPhase;
			buildActionMask = 2147483647;
			files = (
			);
			runOnlyForDeploymentPostprocessing = 0;
		};
/* End PBXFrameworksBuildPhase section */

/* Begin PBXGroup section */
		5377E7B72DD3282E0020FF0D = {
			isa = PBXGroup;
			children = (
				5377E7ED2DD4344B0020FF0D /* KibunMemo */,
				5377E7F22DD4344F0020FF0D /* KibunMemoTests */,
				5377E8002DD436810020FF0D /* KibunMemoUITests */,
				5377E7C12DD3282E0020FF0D /* Products */,
			);
			sourceTree = "<group>";
		};
		5377E7C12DD3282E0020FF0D /* Products */ = {
			isa = PBXGroup;
			children = (
				5377E7C02DD3282E0020FF0D /* KibunMemo.app */,
				5377E7CD2DD3282F0020FF0D /* KibunMemoTests.xctest */,
				5377E7D72DD3282F0020FF0D /* KibunMemoUITests.xctest */,
			);
			name = Products;
			sourceTree = "<group>";
		};
		5377E7ED2DD4344B0020FF0D /* KibunMemo */ = {
			isa = PBXGroup;
			children = (
				5377E7EA2DD4344B0020FF0D /* Assets.xcassets */,
				5377E7EB2DD4344B0020FF0D /* ContentView.swift */,
				5377E7EC2DD4344B0020FF0D /* KibunMemoApp.swift */,
			);
			path = KibunMemo;
			sourceTree = "<group>";
		};
		5377E7F22DD4344F0020FF0D /* KibunMemoTests */ = {
			isa = PBXGroup;
			children = (
				5377E7F12DD4344F0020FF0D /* KibunMemoTests.swift */,
			);
			path = KibunMemoTests;
			sourceTree = "<group>";
		};
		5377E8002DD436810020FF0D /* KibunMemoUITests */ = {
			isa = PBXGroup;
			children = (
				5377E7FE2DD436810020FF0D /* KibunMemoUITests.swift */,
				5377E7FF2DD436810020FF0D /* KibunMemoUITestsLaunchTests.swift */,
			);
			path = KibunMemoUITests;
			sourceTree = "<group>";
		};
/* End PBXGroup section */

/* Begin PBXNativeTarget section */
		5377E7BF2DD3282E0020FF0D /* KibunMemo */ = {
			isa = PBXNativeTarget;
			buildConfigurationList = 5377E7E12DD3282F0020FF0D /* Build configuration list for PBXNativeTarget "KibunMemo" */;
			buildPhases = (
				5377E7BC2DD3282E0020FF0D /* Sources */,
				5377E7BD2DD3282E0020FF0D /* Frameworks */,
				5377E7BE2DD3282E0020FF0D /* Resources */,
			);
			buildRules = (
			);
			dependencies = (
			);
			name = KibunMemo;
			packageProductDependencies = (
			);
			productName = KibunMemo;
			productReference = 5377E7C02DD3282E0020FF0D /* KibunMemo.app */;
			productType = "com.apple.product-type.application";
		};
		5377E7CC2DD3282F0020FF0D /* KibunMemoTests */ = {
			isa = PBXNativeTarget;
			buildConfigurationList = 5377E7E42DD3282F0020FF0D /* Build configuration list for PBXNativeTarget "KibunMemoTests" */;
			buildPhases = (
				5377E7C92DD3282F0020FF0D /* Sources */,
				5377E7CA2DD3282F0020FF0D /* Frameworks */,
				5377E7CB2DD3282F0020FF0D /* Resources */,
			);
			buildRules = (
			);
			dependencies = (
				5377E7CF2DD3282F0020FF0D /* PBXTargetDependency */,
			);
			name = KibunMemoTests;
			packageProductDependencies = (
			);
			productName = KibunMemoTests;
			productReference = 5377E7CD2DD3282F0020FF0D /* KibunMemoTests.xctest */;
			productType = "com.apple.product-type.bundle.unit-test";
		};
		5377E7D62DD3282F0020FF0D /* KibunMemoUITests */ = {
			isa = PBXNativeTarget;
			buildConfigurationList = 5377E7E72DD3282F0020FF0D /* Build configuration list for PBXNativeTarget "KibunMemoUITests" */;
			buildPhases = (
				5377E7D32DD3282F0020FF0D /* Sources */,
				5377E7D42DD3282F0020FF0D /* Frameworks */,
				5377E7D52DD3282F0020FF0D /* Resources */,
			);
			buildRules = (
			);
			dependencies = (
				5377E7D92DD3282F0020FF0D /* PBXTargetDependency */,
			);
			name = KibunMemoUITests;
			packageProductDependencies = (
			);
			productName = KibunMemoUITests;
			productReference = 5377E7D72DD3282F0020FF0D /* KibunMemoUITests.xctest */;
			productType = "com.apple.product-type.bundle.ui-testing";
		};
/* End PBXNativeTarget section */

/* Begin PBXProject section */
		5377E7B82DD3282E0020FF0D /* Project object */ = {
			isa = PBXProject;
			attributes = {
				BuildIndependentTargetsInParallel = 1;
				LastSwiftUpdateCheck = 1630;
				LastUpgradeCheck = 1630;
				TargetAttributes = {
					5377E7BF2DD3282E0020FF0D = {
						CreatedOnToolsVersion = 16.3;
					};
					5377E7CC2DD3282F0020FF0D = {
						CreatedOnToolsVersion = 16.3;
						TestTargetID = 5377E7BF2DD3282E0020FF0D;
					};
					5377E7D62DD3282F0020FF0D = {
						CreatedOnToolsVersion = 16.3;
						TestTargetID = 5377E7BF2DD3282E0020FF0D;
					};
				};
			};
			buildConfigurationList = 5377E7BB2DD3282E0020FF0D /* Build configuration list for PBXProject "KibunMemo" */;
			developmentRegion = en;
			hasScannedForEncodings = 0;
			knownRegions = (
				en,
				Base,
			);
			mainGroup = 5377E7B72DD3282E0020FF0D;
			minimizedProjectReferenceProxies = 1;
			preferredProjectObjectVersion = 77;
			productRefGroup = 5377E7C12DD3282E0020FF0D /* Products */;
			projectDirPath = "";
			projectRoot = "";
			targets = (
				5377E7BF2DD3282E0020FF0D /* KibunMemo */,
				5377E7CC2DD3282F0020FF0D /* KibunMemoTests */,
				5377E7D62DD3282F0020FF0D /* KibunMemoUITests */,
			);
		};
/* End PBXProject section */

/* Begin PBXResourcesBuildPhase section */
		5377E7BE2DD3282E0020FF0D /* Resources */ = {
			isa = PBXResourcesBuildPhase;
			buildActionMask = 2147483647;
			files = (
				5377E7F02DD4344B0020FF0D /* Assets.xcassets in Resources */,
			);
			runOnlyForDeploymentPostprocessing = 0;
		};
		5377E7CB2DD3282F0020FF0D /* Resources */ = {
			isa = PBXResourcesBuildPhase;
			buildActionMask = 2147483647;
			files = (
			);
			runOnlyForDeploymentPostprocessing = 0;
		};
		5377E7D52DD3282F0020FF0D /* Resources */ = {
			isa = PBXResourcesBuildPhase;
			buildActionMask = 2147483647;
			files = (
			);
			runOnlyForDeploymentPostprocessing = 0;
		};
/* End PBXResourcesBuildPhase section */

/* Begin PBXSourcesBuildPhase section */
		5377E7BC2DD3282E0020FF0D /* Sources */ = {
			isa = PBXSourcesBuildPhase;
			buildActionMask = 2147483647;
			files = (
				5377E7EE2DD4344B0020FF0D /* ContentView.swift in Sources */,
				5377E7EF2DD4344B0020FF0D /* KibunMemoApp.swift in Sources */,
			);
			runOnlyForDeploymentPostprocessing = 0;
		};
		5377E7C92DD3282F0020FF0D /* Sources */ = {
			isa = PBXSourcesBuildPhase;
			buildActionMask = 2147483647;
			files = (
				5377E7F32DD4344F0020FF0D /* KibunMemoTests.swift in Sources */,
			);
			runOnlyForDeploymentPostprocessing = 0;
		};
		5377E7D32DD3282F0020FF0D /* Sources */ = {
			isa = PBXSourcesBuildPhase;
			buildActionMask = 2147483647;
			files = (
				5377E8012DD436810020FF0D /* KibunMemoUITests.swift in Sources */,
				5377E8022DD436810020FF0D /* KibunMemoUITestsLaunchTests.swift in Sources */,
			);
			runOnlyForDeploymentPostprocessing = 0;
		};
/* End PBXSourcesBuildPhase section */

/* Begin PBXTargetDependency section */
		5377E7CF2DD3282F0020FF0D /* PBXTargetDependency */ = {
			isa = PBXTargetDependency;
			target = 5377E7BF2DD3282E0020FF0D /* KibunMemo */;
			targetProxy = 5377E7CE2DD3282F0020FF0D /* PBXContainerItemProxy */;
		};
		5377E7D92DD3282F0020FF0D /* PBXTargetDependency */ = {
			isa = PBXTargetDependency;
			target = 5377E7BF2DD3282E0020FF0D /* KibunMemo */;
			targetProxy = 5377E7D82DD3282F0020FF0D /* PBXContainerItemProxy */;
		};
/* End PBXTargetDependency section */

/* Begin XCBuildConfiguration section */
		5377E7DF2DD3282F0020FF0D /* Debug */ = {
			isa = XCBuildConfiguration;
			buildSettings = {
				ALWAYS_SEARCH_USER_PATHS = NO;
				ASSETCATALOG_COMPILER_GENERATE_SWIFT_ASSET_SYMBOL_EXTENSIONS = YES;
				CLANG_ANALYZER_NONNULL = YES;
				CLANG_ANALYZER_NUMBER_OBJECT_CONVERSION = YES_AGGRESSIVE;
				CLANG_CXX_LANGUAGE_STANDARD = "gnu++20";
				CLANG_ENABLE_MODULES = YES;
				CLANG_ENABLE_OBJC_ARC = YES;
				CLANG_ENABLE_OBJC_WEAK = YES;
				CLANG_WARN_BLOCK_CAPTURE_AUTORELEASING = YES;
				CLANG_WARN_BOOL_CONVERSION = YES;
				CLANG_WARN_COMMA = YES;
				CLANG_WARN_CONSTANT_CONVERSION = YES;
				CLANG_WARN_DEPRECATED_OBJC_IMPLEMENTATIONS = YES;
				CLANG_WARN_DIRECT_OBJC_ISA_USAGE = YES_ERROR;
				CLANG_WARN_DOCUMENTATION_COMMENTS = YES;
				CLANG_WARN_EMPTY_BODY = YES;
				CLANG_WARN_ENUM_CONVERSION = YES;
				CLANG_WARN_INFINITE_RECURSION = YES;
				CLANG_WARN_INT_CONVERSION = YES;
				CLANG_WARN_NON_LITERAL_NULL_CONVERSION = YES;
				CLANG_WARN_OBJC_IMPLICIT_RETAIN_SELF = YES;
				CLANG_WARN_OBJC_LITERAL_CONVERSION = YES;
				CLANG_WARN_OBJC_ROOT_CLASS = YES_ERROR;
				CLANG_WARN_QUOTED_INCLUDE_IN_FRAMEWORK_HEADER = YES;
				CLANG_WARN_RANGE_LOOP_ANALYSIS = YES;
				CLANG_WARN_STRICT_PROTOTYPES = YES;
				CLANG_WARN_SUSPICIOUS_MOVE = YES;
				CLANG_WARN_UNGUARDED_AVAILABILITY = YES_AGGRESSIVE;
				CLANG_WARN_UNREACHABLE_CODE = YES;
				CLANG_WARN__DUPLICATE_METHOD_MATCH = YES;
				COPY_PHASE_STRIP = NO;
				DEBUG_INFORMATION_FORMAT = dwarf;
				DEVELOPMENT_TEAM = APQQ8NFXX7;
				ENABLE_STRICT_OBJC_MSGSEND = YES;
				ENABLE_TESTABILITY = YES;
				ENABLE_USER_SCRIPT_SANDBOXING = YES;
				GCC_C_LANGUAGE_STANDARD = gnu17;
				GCC_DYNAMIC_NO_PIC = NO;
				GCC_NO_COMMON_BLOCKS = YES;
				GCC_OPTIMIZATION_LEVEL = 0;
				GCC_PREPROCESSOR_DEFINITIONS = (
					"DEBUG=1",
					"$(inherited)",
				);
				GCC_WARN_64_TO_32_BIT_CONVERSION = YES;
				GCC_WARN_ABOUT_RETURN_TYPE = YES_ERROR;
				GCC_WARN_UNDECLARED_SELECTOR = YES;
				GCC_WARN_UNINITIALIZED_AUTOS = YES_AGGRESSIVE;
				GCC_WARN_UNUSED_FUNCTION = YES;
				GCC_WARN_UNUSED_VARIABLE = YES;
				IPHONEOS_DEPLOYMENT_TARGET = 18.4;
				LOCALIZATION_PREFERS_STRING_CATALOGS = YES;
				MTL_ENABLE_DEBUG_INFO = INCLUDE_SOURCE;
				MTL_FAST_MATH = YES;
				ONLY_ACTIVE_ARCH = YES;
				SDKROOT = iphoneos;
				SWIFT_ACTIVE_COMPILATION_CONDITIONS = "DEBUG $(inherited)";
				SWIFT_OPTIMIZATION_LEVEL = "-Onone";
			};
			name = Debug;
		};
		5377E7E02DD3282F0020FF0D /* Release */ = {
			isa = XCBuildConfiguration;
			buildSettings = {
				ALWAYS_SEARCH_USER_PATHS = NO;
				ASSETCATALOG_COMPILER_GENERATE_SWIFT_ASSET_SYMBOL_EXTENSIONS = YES;
				CLANG_ANALYZER_NONNULL = YES;
				CLANG_ANALYZER_NUMBER_OBJECT_CONVERSION = YES_AGGRESSIVE;
				CLANG_CXX_LANGUAGE_STANDARD = "gnu++20";
				CLANG_ENABLE_MODULES = YES;
				CLANG_ENABLE_OBJC_ARC = YES;
				CLANG_ENABLE_OBJC_WEAK = YES;
				CLANG_WARN_BLOCK_CAPTURE_AUTORELEASING = YES;
				CLANG_WARN_BOOL_CONVERSION = YES;
				CLANG_WARN_COMMA = YES;
				CLANG_WARN_CONSTANT_CONVERSION = YES;
				CLANG_WARN_DEPRECATED_OBJC_IMPLEMENTATIONS = YES;
				CLANG_WARN_DIRECT_OBJC_ISA_USAGE = YES_ERROR;
				CLANG_WARN_DOCUMENTATION_COMMENTS = YES;
				CLANG_WARN_EMPTY_BODY = YES;
				CLANG_WARN_ENUM_CONVERSION = YES;
				CLANG_WARN_INFINITE_RECURSION = YES;
				CLANG_WARN_INT_CONVERSION = YES;
				CLANG_WARN_NON_LITERAL_NULL_CONVERSION = YES;
				CLANG_WARN_OBJC_IMPLICIT_RETAIN_SELF = YES;
				CLANG_WARN_OBJC_LITERAL_CONVERSION = YES;
				CLANG_WARN_OBJC_ROOT_CLASS = YES_ERROR;
				CLANG_WARN_QUOTED_INCLUDE_IN_FRAMEWORK_HEADER = YES;
				CLANG_WARN_RANGE_LOOP_ANALYSIS = YES;
				CLANG_WARN_STRICT_PROTOTYPES = YES;
				CLANG_WARN_SUSPICIOUS_MOVE = YES;
				CLANG_WARN_UNGUARDED_AVAILABILITY = YES_AGGRESSIVE;
				CLANG_WARN_UNREACHABLE_CODE = YES;
				CLANG_WARN__DUPLICATE_METHOD_MATCH = YES;
				COPY_PHASE_STRIP = NO;
				DEBUG_INFORMATION_FORMAT = "dwarf-with-dsym";
				DEVELOPMENT_TEAM = APQQ8NFXX7;
				ENABLE_NS_ASSERTIONS = NO;
				ENABLE_STRICT_OBJC_MSGSEND = YES;
				ENABLE_USER_SCRIPT_SANDBOXING = YES;
				GCC_C_LANGUAGE_STANDARD = gnu17;
				GCC_NO_COMMON_BLOCKS = YES;
				GCC_WARN_64_TO_32_BIT_CONVERSION = YES;
				GCC_WARN_ABOUT_RETURN_TYPE = YES_ERROR;
				GCC_WARN_UNDECLARED_SELECTOR = YES;
				GCC_WARN_UNINITIALIZED_AUTOS = YES_AGGRESSIVE;
				GCC_WARN_UNUSED_FUNCTION = YES;
				GCC_WARN_UNUSED_VARIABLE = YES;
				IPHONEOS_DEPLOYMENT_TARGET = 18.4;
				LOCALIZATION_PREFERS_STRING_CATALOGS = YES;
				MTL_ENABLE_DEBUG_INFO = NO;
				MTL_FAST_MATH = YES;
				SDKROOT = iphoneos;
				SWIFT_COMPILATION_MODE = wholemodule;
				VALIDATE_PRODUCT = YES;
			};
			name = Release;
		};
		5377E7E22DD3282F0020FF0D /* Debug */ = {
			isa = XCBuildConfiguration;
			buildSettings = {
				ASSETCATALOG_COMPILER_APPICON_NAME = AppIcon;
				ASSETCATALOG_COMPILER_GLOBAL_ACCENT_COLOR_NAME = AccentColor;
				CODE_SIGN_STYLE = Automatic;
				CURRENT_PROJECT_VERSION = 1;
				DEVELOPMENT_TEAM = APQQ8NFXX7;
				ENABLE_PREVIEWS = YES;
				GENERATE_INFOPLIST_FILE = YES;
				INFOPLIST_KEY_UIApplicationSceneManifest_Generation = YES;
				INFOPLIST_KEY_UIApplicationSupportsIndirectInputEvents = YES;
				INFOPLIST_KEY_UILaunchScreen_Generation = YES;
				INFOPLIST_KEY_UISupportedInterfaceOrientations_iPad = "UIInterfaceOrientationPortrait UIInterfaceOrientationPortraitUpsideDown UIInterfaceOrientationLandscapeLeft UIInterfaceOrientationLandscapeRight";
				INFOPLIST_KEY_UISupportedInterfaceOrientations_iPhone = "UIInterfaceOrientationPortrait UIInterfaceOrientationLandscapeLeft UIInterfaceOrientationLandscapeRight";
				LD_RUNPATH_SEARCH_PATHS = (
					"$(inherited)",
					"@executable_path/Frameworks",
				);
				MARKETING_VERSION = 1.0;
				PRODUCT_BUNDLE_IDENTIFIER = com.russtech.KibunMemo;
				PRODUCT_NAME = "$(TARGET_NAME)";
				SWIFT_EMIT_LOC_STRINGS = YES;
				SWIFT_VERSION = 6.0;
				TARGETED_DEVICE_FAMILY = "1,2";
			};
			name = Debug;
		};
		5377E7E32DD3282F0020FF0D /* Release */ = {
			isa = XCBuildConfiguration;
			buildSettings = {
				ASSETCATALOG_COMPILER_APPICON_NAME = AppIcon;
				ASSETCATALOG_COMPILER_GLOBAL_ACCENT_COLOR_NAME = AccentColor;
				CODE_SIGN_STYLE = Automatic;
				CURRENT_PROJECT_VERSION = 1;
				DEVELOPMENT_TEAM = APQQ8NFXX7;
				ENABLE_PREVIEWS = YES;
				GENERATE_INFOPLIST_FILE = YES;
				INFOPLIST_KEY_UIApplicationSceneManifest_Generation = YES;
				INFOPLIST_KEY_UIApplicationSupportsIndirectInputEvents = YES;
				INFOPLIST_KEY_UILaunchScreen_Generation = YES;
				INFOPLIST_KEY_UISupportedInterfaceOrientations_iPad = "UIInterfaceOrientationPortrait UIInterfaceOrientationPortraitUpsideDown UIInterfaceOrientationLandscapeLeft UIInterfaceOrientationLandscapeRight";
				INFOPLIST_KEY_UISupportedInterfaceOrientations_iPhone = "UIInterfaceOrientationPortrait UIInterfaceOrientationLandscapeLeft UIInterfaceOrientationLandscapeRight";
				LD_RUNPATH_SEARCH_PATHS = (
					"$(inherited)",
					"@executable_path/Frameworks",
				);
				MARKETING_VERSION = 1.0;
				PRODUCT_BUNDLE_IDENTIFIER = com.russtech.KibunMemo;
				PRODUCT_NAME = "$(TARGET_NAME)";
				SWIFT_EMIT_LOC_STRINGS = YES;
				SWIFT_VERSION = 6.0;
				TARGETED_DEVICE_FAMILY = "1,2";
			};
			name = Release;
		};
		5377E7E52DD3282F0020FF0D /* Debug */ = {
			isa = XCBuildConfiguration;
			buildSettings = {
				BUNDLE_LOADER = "$(TEST_HOST)";
				CODE_SIGN_STYLE = Automatic;
				CURRENT_PROJECT_VERSION = 1;
				DEVELOPMENT_TEAM = APQQ8NFXX7;
				GENERATE_INFOPLIST_FILE = YES;
				IPHONEOS_DEPLOYMENT_TARGET = 18.4;
				MARKETING_VERSION = 1.0;
				PRODUCT_BUNDLE_IDENTIFIER = com.russtech.KibunMemoTests;
				PRODUCT_NAME = "$(TARGET_NAME)";
				SWIFT_EMIT_LOC_STRINGS = NO;
				SWIFT_VERSION = 6.0;
				TARGETED_DEVICE_FAMILY = "1,2";
				TEST_HOST = "$(BUILT_PRODUCTS_DIR)/KibunMemo.app/$(BUNDLE_EXECUTABLE_FOLDER_PATH)/KibunMemo";
			};
			name = Debug;
		};
		5377E7E62DD3282F0020FF0D /* Release */ = {
			isa = XCBuildConfiguration;
			buildSettings = {
				BUNDLE_LOADER = "$(TEST_HOST)";
				CODE_SIGN_STYLE = Automatic;
				CURRENT_PROJECT_VERSION = 1;
				DEVELOPMENT_TEAM = APQQ8NFXX7;
				GENERATE_INFOPLIST_FILE = YES;
				IPHONEOS_DEPLOYMENT_TARGET = 18.4;
				MARKETING_VERSION = 1.0;
				PRODUCT_BUNDLE_IDENTIFIER = com.russtech.KibunMemoTests;
				PRODUCT_NAME = "$(TARGET_NAME)";
				SWIFT_EMIT_LOC_STRINGS = NO;
				SWIFT_VERSION = 6.0;
				TARGETED_DEVICE_FAMILY = "1,2";
				TEST_HOST = "$(BUILT_PRODUCTS_DIR)/KibunMemo.app/$(BUNDLE_EXECUTABLE_FOLDER_PATH)/KibunMemo";
			};
			name = Release;
		};
		5377E7E82DD3282F0020FF0D /* Debug */ = {
			isa = XCBuildConfiguration;
			buildSettings = {
				CODE_SIGN_STYLE = Automatic;
				CURRENT_PROJECT_VERSION = 1;
				DEVELOPMENT_TEAM = APQQ8NFXX7;
				GENERATE_INFOPLIST_FILE = YES;
				MARKETING_VERSION = 1.0;
				PRODUCT_BUNDLE_IDENTIFIER = com.russtech.KibunMemoUITests;
				PRODUCT_NAME = "$(TARGET_NAME)";
				SWIFT_EMIT_LOC_STRINGS = NO;
				SWIFT_VERSION = 6.0;
				TARGETED_DEVICE_FAMILY = "1,2";
				TEST_TARGET_NAME = KibunMemo;
			};
			name = Debug;
		};
		5377E7E92DD3282F0020FF0D /* Release */ = {
			isa = XCBuildConfiguration;
			buildSettings = {
				CODE_SIGN_STYLE = Automatic;
				CURRENT_PROJECT_VERSION = 1;
				DEVELOPMENT_TEAM = APQQ8NFXX7;
				GENERATE_INFOPLIST_FILE = YES;
				MARKETING_VERSION = 1.0;
				PRODUCT_BUNDLE_IDENTIFIER = com.russtech.KibunMemoUITests;
				PRODUCT_NAME = "$(TARGET_NAME)";
				SWIFT_EMIT_LOC_STRINGS = NO;
				SWIFT_VERSION = 6.0;
				TARGETED_DEVICE_FAMILY = "1,2";
				TEST_TARGET_NAME = KibunMemo;
			};
			name = Release;
		};
/* End XCBuildConfiguration section */

/* Begin XCConfigurationList section */
		5377E7BB2DD3282E0020FF0D /* Build configuration list for PBXProject "KibunMemo" */ = {
			isa = XCConfigurationList;
			buildConfigurations = (
				5377E7DF2DD3282F0020FF0D /* Debug */,
				5377E7E02DD3282F0020FF0D /* Release */,
			);
			defaultConfigurationIsVisible = 0;
			defaultConfigurationName = Release;
		};
		5377E7E12DD3282F0020FF0D /* Build configuration list for PBXNativeTarget "KibunMemo" */ = {
			isa = XCConfigurationList;
			buildConfigurations = (
				5377E7E22DD3282F0020FF0D /* Debug */,
				5377E7E32DD3282F0020FF0D /* Release */,
			);
			defaultConfigurationIsVisible = 0;
			defaultConfigurationName = Release;
		};
		5377E7E42DD3282F0020FF0D /* Build configuration list for PBXNativeTarget "KibunMemoTests" */ = {
			isa = XCConfigurationList;
			buildConfigurations = (
				5377E7E52DD3282F0020FF0D /* Debug */,
				5377E7E62DD3282F0020FF0D /* Release */,
			);
			defaultConfigurationIsVisible = 0;
			defaultConfigurationName = Release;
		};
		5377E7E72DD3282F0020FF0D /* Build configuration list for PBXNativeTarget "KibunMemoUITests" */ = {
			isa = XCConfigurationList;
			buildConfigurations = (
				5377E7E82DD3282F0020FF0D /* Debug */,
				5377E7E92DD3282F0020FF0D /* Release */,
			);
			defaultConfigurationIsVisible = 0;
			defaultConfigurationName = Release;
		};
/* End XCConfigurationList section */
	};
	rootObject = 5377E7B82DD3282E0020FF0D /* Project object */;
}
